
Microsoft Visual Studio Solution File, Format Version 12.00
# Visual Studio 15
VisualStudioVersion = 15.0.28307.572
MinimumVisualStudioVersion = 10.0.40219.1
Project("{8BC9CEB8-8B4A-11D0-8D11-00A0C91BC942}") = "8INF259-TP3", "8INF259-TP3\8INF259-TP3.vcxproj", "{5550B2A0-B1EB-4EEA-BE8A-10E58B723415}"
EndProject
Global
	GlobalSection(SolutionConfigurationPlatforms) = preSolution
		Debug|x64 = Debug|x64
		Debug|x86 = Debug|x86
		Release|x64 = Release|x64
		Release|x86 = Release|x86
	EndGlobalSection
	GlobalSection(ProjectConfigurationPlatforms) = postSolution
		{5550B2A0-B1EB-4EEA-BE8A-10E58B723415}.Debug|x64.ActiveCfg = Debug|x64
		{5550B2A0-B1EB-4EEA-BE8A-10E58B723415}.Debug|x64.Build.0 = Debug|x64
		{5550B2A0-B1EB-4EEA-BE8A-10E58B723415}.Debug|x86.ActiveCfg = Debug|Win32
		{5550B2A0-B1EB-4EEA-BE8A-10E58B723415}.Debug|x86.Build.0 = Debug|Win32
		{5550B2A0-B1EB-4EEA-BE8A-10E58B723415}.Release|x64.ActiveCfg = Release|x64
		{5550B2A0-B1EB-4EEA-BE8A-10E58B723415}.Release|x64.Build.0 = Release|x64
		{5550B2A0-B1EB-4EEA-BE8A-10E58B723415}.Release|x86.ActiveCfg = Release|Win32
		{5550B2A0-B1EB-4EEA-BE8A-10E58B723415}.Release|x86.Build.0 = Release|Win32
	EndGlobalSection
	GlobalSection(SolutionProperties) = preSolution
		HideSolutionNode = FALSE
	EndGlobalSection
	GlobalSection(ExtensibilityGlobals) = postSolution
		SolutionGuid = {8D9A92E2-0F51-4DFB-9D07-2D1161292861}
	EndGlobalSection
EndGlobal
